
Microsoft Visual Studio Solution File, Format Version 11.00
# Visual C# Express 2010
Project("{FAE04EC0-301F-11D3-BF4B-00C04F79EFBC}") = "Minirechner_GIT", "Minirechner_GIT\Minirechner_GIT.csproj", "{450B9D9F-22F2-474F-BD09-7442A5D847AE}"
EndProject
Global
	GlobalSection(SolutionConfigurationPlatforms) = preSolution
		Debug|x86 = Debug|x86
		Release|x86 = Release|x86
	EndGlobalSection
	GlobalSection(ProjectConfigurationPlatforms) = postSolution
		{450B9D9F-22F2-474F-BD09-7442A5D847AE}.Debug|x86.ActiveCfg = Debug|x86
		{450B9D9F-22F2-474F-BD09-7442A5D847AE}.Debug|x86.Build.0 = Debug|x86
		{450B9D9F-22F2-474F-BD09-7442A5D847AE}.Release|x86.ActiveCfg = Release|x86
		{450B9D9F-22F2-474F-BD09-7442A5D847AE}.Release|x86.Build.0 = Release|x86
	EndGlobalSection
	GlobalSection(SolutionProperties) = preSolution
		HideSolutionNode = FALSE
	EndGlobalSection
EndGlobal
